
Microsoft Visual Studio Solution File, Format Version 12.00
# Visual Studio Version 17
VisualStudioVersion = 17.9.34728.123
MinimumVisualStudioVersion = 10.0.40219.1
Project("{8BC9CEB8-8B4A-11D0-8D11-00A0C91BC942}") = "mbrStatik", "mbrStatik\mbrStatik.vcxproj", "{B3A94CAF-D981-40FE-AE54-F8FC492D0D84}"
EndProject
Project("{8BC9CEB8-8B4A-11D0-8D11-00A0C91BC942}") = "mbrStatikFunction", "mbrStatikFunction\mbrStatikFunction.vcxproj", "{B8E8E3FF-137B-4E6B-A47A-A8AFF3FF6595}"
EndProject
Project("{8BC9CEB8-8B4A-11D0-8D11-00A0C91BC942}") = "Construktor", "Construktor\Construktor.vcxproj", "{7B9C6C73-ECA9-4694-9700-6C5723B6151B}"
EndProject
Project("{8BC9CEB8-8B4A-11D0-8D11-00A0C91BC942}") = "Destruktor", "Destruktor\Destruktor.vcxproj", "{AA542FB1-518C-4B34-8CAD-E50AC29CDAE3}"
EndProject
Global
	GlobalSection(SolutionConfigurationPlatforms) = preSolution
		Debug|x64 = Debug|x64
		Debug|x86 = Debug|x86
		Release|x64 = Release|x64
		Release|x86 = Release|x86
	EndGlobalSection
	GlobalSection(ProjectConfigurationPlatforms) = postSolution
		{B3A94CAF-D981-40FE-AE54-F8FC492D0D84}.Debug|x64.ActiveCfg = Debug|x64
		{B3A94CAF-D981-40FE-AE54-F8FC492D0D84}.Debug|x64.Build.0 = Debug|x64
		{B3A94CAF-D981-40FE-AE54-F8FC492D0D84}.Debug|x86.ActiveCfg = Debug|Win32
		{B3A94CAF-D981-40FE-AE54-F8FC492D0D84}.Debug|x86.Build.0 = Debug|Win32
		{B3A94CAF-D981-40FE-AE54-F8FC492D0D84}.Release|x64.ActiveCfg = Release|x64
		{B3A94CAF-D981-40FE-AE54-F8FC492D0D84}.Release|x64.Build.0 = Release|x64
		{B3A94CAF-D981-40FE-AE54-F8FC492D0D84}.Release|x86.ActiveCfg = Release|Win32
		{B3A94CAF-D981-40FE-AE54-F8FC492D0D84}.Release|x86.Build.0 = Release|Win32
		{B8E8E3FF-137B-4E6B-A47A-A8AFF3FF6595}.Debug|x64.ActiveCfg = Debug|x64
		{B8E8E3FF-137B-4E6B-A47A-A8AFF3FF6595}.Debug|x64.Build.0 = Debug|x64
		{B8E8E3FF-137B-4E6B-A47A-A8AFF3FF6595}.Debug|x86.ActiveCfg = Debug|Win32
		{B8E8E3FF-137B-4E6B-A47A-A8AFF3FF6595}.Debug|x86.Build.0 = Debug|Win32
		{B8E8E3FF-137B-4E6B-A47A-A8AFF3FF6595}.Release|x64.ActiveCfg = Release|x64
		{B8E8E3FF-137B-4E6B-A47A-A8AFF3FF6595}.Release|x64.Build.0 = Release|x64
		{B8E8E3FF-137B-4E6B-A47A-A8AFF3FF6595}.Release|x86.ActiveCfg = Release|Win32
		{B8E8E3FF-137B-4E6B-A47A-A8AFF3FF6595}.Release|x86.Build.0 = Release|Win32
		{7B9C6C73-ECA9-4694-9700-6C5723B6151B}.Debug|x64.ActiveCfg = Debug|x64
		{7B9C6C73-ECA9-4694-9700-6C5723B6151B}.Debug|x64.Build.0 = Debug|x64
		{7B9C6C73-ECA9-4694-9700-6C5723B6151B}.Debug|x86.ActiveCfg = Debug|Win32
		{7B9C6C73-ECA9-4694-9700-6C5723B6151B}.Debug|x86.Build.0 = Debug|Win32
		{7B9C6C73-ECA9-4694-9700-6C5723B6151B}.Release|x64.ActiveCfg = Release|x64
		{7B9C6C73-ECA9-4694-9700-6C5723B6151B}.Release|x64.Build.0 = Release|x64
		{7B9C6C73-ECA9-4694-9700-6C5723B6151B}.Release|x86.ActiveCfg = Release|Win32
		{7B9C6C73-ECA9-4694-9700-6C5723B6151B}.Release|x86.Build.0 = Release|Win32
		{AA542FB1-518C-4B34-8CAD-E50AC29CDAE3}.Debug|x64.ActiveCfg = Debug|x64
		{AA542FB1-518C-4B34-8CAD-E50AC29CDAE3}.Debug|x64.Build.0 = Debug|x64
		{AA542FB1-518C-4B34-8CAD-E50AC29CDAE3}.Debug|x86.ActiveCfg = Debug|Win32
		{AA542FB1-518C-4B34-8CAD-E50AC29CDAE3}.Debug|x86.Build.0 = Debug|Win32
		{AA542FB1-518C-4B34-8CAD-E50AC29CDAE3}.Release|x64.ActiveCfg = Release|x64
		{AA542FB1-518C-4B34-8CAD-E50AC29CDAE3}.Release|x64.Build.0 = Release|x64
		{AA542FB1-518C-4B34-8CAD-E50AC29CDAE3}.Release|x86.ActiveCfg = Release|Win32
		{AA542FB1-518C-4B34-8CAD-E50AC29CDAE3}.Release|x86.Build.0 = Release|Win32
	EndGlobalSection
	GlobalSection(SolutionProperties) = preSolution
		HideSolutionNode = FALSE
	EndGlobalSection
	GlobalSection(ExtensibilityGlobals) = postSolution
		SolutionGuid = {EA2C81F3-2BA3-4471-A776-2549561C6C57}
	EndGlobalSection
EndGlobal
